// !$*UTF8*$!
{
	archiveVersion = 1;
	classes = {
	};
	objectVersion = 46;
	objects = {

/* Begin PBXBuildFile section */
		A32DDDCA1ED2849400CB0CDD /* AppDelegate.swift in Sources */ = {isa = PBXBuildFile; fileRef = A32DDDC91ED2849400CB0CDD /* AppDelegate.swift */; };
		A32DDDCC1ED2849400CB0CDD /* ViewController.swift in Sources */ = {isa = PBXBuildFile; fileRef = A32DDDCB1ED2849400CB0CDD /* ViewController.swift */; };
		A32DDDCF1ED2849400CB0CDD /* Main.storyboard in Resources */ = {isa = PBXBuildFile; fileRef = A32DDDCD1ED2849400CB0CDD /* Main.storyboard */; };
		A32DDDD11ED2849400CB0CDD /* Assets.xcassets in Resources */ = {isa = PBXBuildFile; fileRef = A32DDDD01ED2849400CB0CDD /* Assets.xcassets */; };
		A32DDDD41ED2849400CB0CDD /* LaunchScreen.storyboard in Resources */ = {isa = PBXBuildFile; fileRef = A32DDDD21ED2849400CB0CDD /* LaunchScreen.storyboard */; };
/* End PBXBuildFile section */

/* Begin PBXFileReference section */
		A32DDDC61ED2849400CB0CDD /* MoyaStudy.app */ = {isa = PBXFileReference; explicitFileType = wrapper.application; includeInIndex = 0; path = MoyaStudy.app; sourceTree = BUILT_PRODUCTS_DIR; };
		A32DDDC91ED2849400CB0CDD /* AppDelegate.swift */ = {isa = PBXFileReference; lastKnownFileType = sourcecode.swift; path = AppDelegate.swift; sourceTree = "<group>"; };
		A32DDDCB1ED2849400CB0CDD /* ViewController.swift */ = {isa = PBXFileReference; lastKnownFileType = sourcecode.swift; path = ViewController.swift; sourceTree = "<group>"; };
		A32DDDCE1ED2849400CB0CDD /* Base */ = {isa = PBXFileReference; lastKnownFileType = file.storyboard; name = Base; path = Base.lproj/Main.storyboard; sourceTree = "<group>"; };
		A32DDDD01ED2849400CB0CDD /* Assets.xcassets */ = {isa = PBXFileReference; lastKnownFileType = folder.assetcatalog; path = Assets.xcassets; sourceTree = "<group>"; };
		A32DDDD31ED2849400CB0CDD /* Base */ = {isa = PBXFileReference; lastKnownFileType = file.storyboard; name = Base; path = Base.lproj/LaunchScreen.storyboard; sourceTree = "<group>"; };
		A32DDDD51ED2849400CB0CDD /* Info.plist */ = {isa = PBXFileReference; lastKnownFileType = text.plist.xml; path = Info.plist; sourceTree = "<group>"; };
/* End PBXFileReference section */

/* Begin PBXFrameworksBuildPhase section */
		A32DDDC31ED2849400CB0CDD /* Frameworks */ = {
			isa = PBXFrameworksBuildPhase;
			buildActionMask = 2147483647;
			files = (
			);
			runOnlyForDeploymentPostprocessing = 0;
		};
/* End PBXFrameworksBuildPhase section */

/* Begin PBXGroup section */
		A32DDDBD1ED2849400CB0CDD = {
			isa = PBXGroup;
			children = (
				A32DDDC81ED2849400CB0CDD /* MoyaStudy */,
				A32DDDC71ED2849400CB0CDD /* Products */,
			);
			sourceTree = "<group>";
		};
		A32DDDC71ED2849400CB0CDD /* Products */ = {
			isa = PBXGroup;
			children = (
				A32DDDC61ED2849400CB0CDD /* MoyaStudy.app */,
			);
			name = Products;
			sourceTree = "<group>";
		};
		A32DDDC81ED2849400CB0CDD /* MoyaStudy */ = {
			isa = PBXGroup;
			children = (
				A32DDDC91ED2849400CB0CDD /* AppDelegate.swift */,
				A32DDDCB1ED2849400CB0CDD /* ViewController.swift */,
				A32DDDCD1ED2849400CB0CDD /* Main.storyboard */,
				A32DDDD01ED2849400CB0CDD /* Assets.xcassets */,
				A32DDDD21ED2849400CB0CDD /* LaunchScreen.storyboard */,
				A32DDDD51ED2849400CB0CDD /* Info.plist */,
			);
			path = MoyaStudy;
			sourceTree = "<group>";
		};
/* End PBXGroup section */

/* Begin PBXNativeTarget section */
		A32DDDC51ED2849400CB0CDD /* MoyaStudy */ = {
			isa = PBXNativeTarget;
			buildConfigurationList = A32DDDD81ED2849400CB0CDD /* Build configuration list for PBXNativeTarget "MoyaStudy" */;
			buildPhases = (
				A32DDDC21ED2849400CB0CDD /* Sources */,
				A32DDDC31ED2849400CB0CDD /* Frameworks */,
				A32DDDC41ED2849400CB0CDD /* Resources */,
			);
			buildRules = (
			);
			dependencies = (
			);
			name = MoyaStudy;
			productName = MoyaStudy;
			productReference = A32DDDC61ED2849400CB0CDD /* MoyaStudy.app */;
			productType = "com.apple.product-type.application";
		};
/* End PBXNativeTarget section */

/* Begin PBXProject section */
		A32DDDBE1ED2849400CB0CDD /* Project object */ = {
			isa = PBXProject;
			attributes = {
				LastSwiftUpdateCheck = 0830;
				LastUpgradeCheck = 0830;
				ORGANIZATIONNAME = smpy;
				TargetAttributes = {
					A32DDDC51ED2849400CB0CDD = {
						CreatedOnToolsVersion = 8.3.2;
						ProvisioningStyle = Automatic;
					};
				};
			};
			buildConfigurationList = A32DDDC11ED2849400CB0CDD /* Build configuration list for PBXProject "MoyaStudy" */;
			compatibilityVersion = "Xcode 3.2";
			developmentRegion = English;
			hasScannedForEncodings = 0;
			knownRegions = (
				en,
				Base,
			);
			mainGroup = A32DDDBD1ED2849400CB0CDD;
			productRefGroup = A32DDDC71ED2849400CB0CDD /* Products */;
			projectDirPath = "";
			projectRoot = "";
			targets = (
				A32DDDC51ED2849400CB0CDD /* MoyaStudy */,
			);
		};
/* End PBXProject section */

/* Begin PBXResourcesBuildPhase section */
		A32DDDC41ED2849400CB0CDD /* Resources */ = {
			isa = PBXResourcesBuildPhase;
			buildActionMask = 2147483647;
			files = (
				A32DDDD41ED2849400CB0CDD /* LaunchScreen.storyboard in Resources */,
				A32DDDD11ED2849400CB0CDD /* Assets.xcassets in Resources */,
				A32DDDCF1ED2849400CB0CDD /* Main.storyboard in Resources */,
			);
			runOnlyForDeploymentPostprocessing = 0;
		};
/* End PBXResourcesBuildPhase section */

/* Begin PBXSourcesBuildPhase section */
		A32DDDC21ED2849400CB0CDD /* Sources */ = {
			isa = PBXSourcesBuildPhase;
			buildActionMask = 2147483647;
			files = (
				A32DDDCC1ED2849400CB0CDD /* ViewController.swift in Sources */,
				A32DDDCA1ED2849400CB0CDD /* AppDelegate.swift in Sources */,
			);
			runOnlyForDeploymentPostprocessing = 0;
		};
/* End PBXSourcesBuildPhase section */

/* Begin PBXVariantGroup section */
		A32DDDCD1ED2849400CB0CDD /* Main.storyboard */ = {
			isa = PBXVariantGroup;
			children = (
				A32DDDCE1ED2849400CB0CDD /* Base */,
			);
			name = Main.storyboard;
			sourceTree = "<group>";
		};
		A32DDDD21ED2849400CB0CDD /* LaunchScreen.storyboard */ = {
			isa = PBXVariantGroup;
			children = (
				A32DDDD31ED2849400CB0CDD /* Base */,
			);
			name = LaunchScreen.storyboard;
			sourceTree = "<group>";
		};
/* End PBXVariantGroup section */

/* Begin XCBuildConfiguration section */
		A32DDDD61ED2849400CB0CDD /* Debug */ = {
			isa = XCBuildConfiguration;
			buildSettings = {
				ALWAYS_SEARCH_USER_PATHS = NO;
				CLANG_ANALYZER_NONNULL = YES;
				CLANG_ANALYZER_NUMBER_OBJECT_CONVERSION = YES_AGGRESSIVE;
				CLANG_CXX_LANGUAGE_STANDARD = "gnu++0x";
				CLANG_CXX_LIBRARY = "libc++";
				CLANG_ENABLE_MODULES = YES;
				CLANG_ENABLE_OBJC_ARC = YES;
				CLANG_WARN_BOOL_CONVERSION = YES;
				CLANG_WARN_CONSTANT_CONVERSION = YES;
				CLANG_WARN_DIRECT_OBJC_ISA_USAGE = YES_ERROR;
				CLANG_WARN_DOCUMENTATION_COMMENTS = YES;
				CLANG_WARN_EMPTY_BODY = YES;
				CLANG_WARN_ENUM_CONVERSION = YES;
				CLANG_WARN_INFINITE_RECURSION = YES;
				CLANG_WARN_INT_CONVERSION = YES;
				CLANG_WARN_OBJC_ROOT_CLASS = YES_ERROR;
				CLANG_WARN_SUSPICIOUS_MOVE = YES;
				CLANG_WARN_UNREACHABLE_CODE = YES;
				CLANG_WARN__DUPLICATE_METHOD_MATCH = YES;
				"CODE_SIGN_IDENTITY[sdk=iphoneos*]" = "iPhone Developer";
				COPY_PHASE_STRIP = NO;
				DEBUG_INFORMATION_FORMAT = dwarf;
				ENABLE_STRICT_OBJC_MSGSEND = YES;
				ENABLE_TESTABILITY = YES;
				GCC_C_LANGUAGE_STANDARD = gnu99;
				GCC_DYNAMIC_NO_PIC = NO;
				GCC_NO_COMMON_BLOCKS = YES;
				GCC_OPTIMIZATION_LEVEL = 0;
				GCC_PREPROCESSOR_DEFINITIONS = (
					"DEBUG=1",
					"$(inherited)",
				);
				GCC_WARN_64_TO_32_BIT_CONVERSION = YES;
				GCC_WARN_ABOUT_RETURN_TYPE = YES_ERROR;
				GCC_WARN_UNDECLARED_SELECTOR = YES;
				GCC_WARN_UNINITIALIZED_AUTOS = YES_AGGRESSIVE;
				GCC_WARN_UNUSED_FUNCTION = YES;
				GCC_WARN_UNUSED_VARIABLE = YES;
				IPHONEOS_DEPLOYMENT_TARGET = 10.3;
				MTL_ENABLE_DEBUG_INFO = YES;
				ONLY_ACTIVE_ARCH = YES;
				SDKROOT = iphoneos;
				SWIFT_ACTIVE_COMPILATION_CONDITIONS = DEBUG;
				SWIFT_OPTIMIZATION_LEVEL = "-Onone";
			};
			name = Debug;
		};
		A32DDDD71ED2849400CB0CDD /* Release */ = {
			isa = XCBuildConfiguration;
			buildSettings = {
				ALWAYS_SEARCH_USER_PATHS = NO;
				CLANG_ANALYZER_NONNULL = YES;
				CLANG_ANALYZER_NUMBER_OBJECT_CONVERSION = YES_AGGRESSIVE;
				CLANG_CXX_LANGUAGE_STANDARD = "gnu++0x";
				CLANG_CXX_LIBRARY = "libc++";
				CLANG_ENABLE_MODULES = YES;
				CLANG_ENABLE_OBJC_ARC = YES;
				CLANG_WARN_BOOL_CONVERSION = YES;
				CLANG_WARN_CONSTANT_CONVERSION = YES;
				CLANG_WARN_DIRECT_OBJC_ISA_USAGE = YES_ERROR;
				CLANG_WARN_DOCUMENTATION_COMMENTS = YES;
				CLANG_WARN_EMPTY_BODY = YES;
				CLANG_WARN_ENUM_CONVERSION = YES;
				CLANG_WARN_INFINITE_RECURSION = YES;
				CLANG_WARN_INT_CONVERSION = YES;
				CLANG_WARN_OBJC_ROOT_CLASS = YES_ERROR;
				CLANG_WARN_SUSPICIOUS_MOVE = YES;
				CLANG_WARN_UNREACHABLE_CODE = YES;
				CLANG_WARN__DUPLICATE_METHOD_MATCH = YES;
				"CODE_SIGN_IDENTITY[sdk=iphoneos*]" = "iPhone Developer";
				COPY_PHASE_STRIP = NO;
				DEBUG_INFORMATION_FORMAT = "dwarf-with-dsym";
				ENABLE_NS_ASSERTIONS = NO;
				ENABLE_STRICT_OBJC_MSGSEND = YES;
				GCC_C_LANGUAGE_STANDARD = gnu99;
				GCC_NO_COMMON_BLOCKS = YES;
				GCC_WARN_64_TO_32_BIT_CONVERSION = YES;
				GCC_WARN_ABOUT_RETURN_TYPE = YES_ERROR;
				GCC_WARN_UNDECLARED_SELECTOR = YES;
				GCC_WARN_UNINITIALIZED_AUTOS = YES_AGGRESSIVE;
				GCC_WARN_UNUSED_FUNCTION = YES;
				GCC_WARN_UNUSED_VARIABLE = YES;
				IPHONEOS_DEPLOYMENT_TARGET = 10.3;
				MTL_ENABLE_DEBUG_INFO = NO;
				SDKROOT = iphoneos;
				SWIFT_OPTIMIZATION_LEVEL = "-Owholemodule";
				VALIDATE_PRODUCT = YES;
			};
			name = Release;
		};
		A32DDDD91ED2849400CB0CDD /* Debug */ = {
			isa = XCBuildConfiguration;
			buildSettings = {
				ASSETCATALOG_COMPILER_APPICON_NAME = AppIcon;
				INFOPLIST_FILE = MoyaStudy/Info.plist;
				LD_RUNPATH_SEARCH_PATHS = "$(inherited) @executable_path/Frameworks";
				PRODUCT_BUNDLE_IDENTIFIER = smpy.MoyaStudy;
				PRODUCT_NAME = "$(TARGET_NAME)";
				SWIFT_VERSION = 3.0;
			};
			name = Debug;
		};
		A32DDDDA1ED2849400CB0CDD /* Release */ = {
			isa = XCBuildConfiguration;
			buildSettings = {
				ASSETCATALOG_COMPILER_APPICON_NAME = AppIcon;
				INFOPLIST_FILE = MoyaStudy/Info.plist;
				LD_RUNPATH_SEARCH_PATHS = "$(inherited) @executable_path/Frameworks";
				PRODUCT_BUNDLE_IDENTIFIER = smpy.MoyaStudy;
				PRODUCT_NAME = "$(TARGET_NAME)";
				SWIFT_VERSION = 3.0;
			};
			name = Release;
		};
/* End XCBuildConfiguration section */

/* Begin XCConfigurationList section */
		A32DDDC11ED2849400CB0CDD /* Build configuration list for PBXProject "MoyaStudy" */ = {
			isa = XCConfigurationList;
			buildConfigurations = (
				A32DDDD61ED2849400CB0CDD /* Debug */,
				A32DDDD71ED2849400CB0CDD /* Release */,
			);
			defaultConfigurationIsVisible = 0;
			defaultConfigurationName = Release;
		};
		A32DDDD81ED2849400CB0CDD /* Build configuration list for PBXNativeTarget "MoyaStudy" */ = {
			isa = XCConfigurationList;
			buildConfigurations = (
				A32DDDD91ED2849400CB0CDD /* Debug */,
				A32DDDDA1ED2849400CB0CDD /* Release */,
			);
			defaultConfigurationIsVisible = 0;
		};
/* End XCConfigurationList section */
	};
	rootObject = A32DDDBE1ED2849400CB0CDD /* Project object */;
}
